
Microsoft Visual Studio Solution File, Format Version 12.00
# Visual Studio 2012
Project("{FAE04EC0-301F-11D3-BF4B-00C04F79EFBC}") = "NautToEytan", "NautToEytan\NautToEytan.csproj", "{774FCC69-E1EA-40A9-921B-F26FBF9F6827}"
EndProject
Project("{FAE04EC0-301F-11D3-BF4B-00C04F79EFBC}") = "Sample.CCOW.Entegration.Solution.WindowsForm", "..\..\..\..\work\PatholabProj\CCOW Solution\WindowsFormsApplication1\Sample.CCOW.Entegration.Solution.WindowsForm.csproj", "{A3AD2174-571D-4820-BAD6-7B541341B467}"
EndProject
Project("{FAE04EC0-301F-11D3-BF4B-00C04F79EFBC}") = "Patholab_DAL_V1", "..\..\..\..\work\PatholabProj\Patholab_DAL_V1\Patholab_DAL_V1\Patholab_DAL_V1.csproj", "{654B85EA-0ADD-42AD-AA0A-FAE4CB001F97}"
EndProject
Global
	GlobalSection(SolutionConfigurationPlatforms) = preSolution
		Debug|Any CPU = Debug|Any CPU
		Release|Any CPU = Release|Any CPU
	EndGlobalSection
	GlobalSection(ProjectConfigurationPlatforms) = postSolution
		{774FCC69-E1EA-40A9-921B-F26FBF9F6827}.Debug|Any CPU.ActiveCfg = Debug|Any CPU
		{774FCC69-E1EA-40A9-921B-F26FBF9F6827}.Debug|Any CPU.Build.0 = Debug|Any CPU
		{774FCC69-E1EA-40A9-921B-F26FBF9F6827}.Release|Any CPU.ActiveCfg = Release|Any CPU
		{774FCC69-E1EA-40A9-921B-F26FBF9F6827}.Release|Any CPU.Build.0 = Release|Any CPU
		{A3AD2174-571D-4820-BAD6-7B541341B467}.Debug|Any CPU.ActiveCfg = Debug|Any CPU
		{A3AD2174-571D-4820-BAD6-7B541341B467}.Debug|Any CPU.Build.0 = Debug|Any CPU
		{A3AD2174-571D-4820-BAD6-7B541341B467}.Release|Any CPU.ActiveCfg = Release|Any CPU
		{A3AD2174-571D-4820-BAD6-7B541341B467}.Release|Any CPU.Build.0 = Release|Any CPU
		{654B85EA-0ADD-42AD-AA0A-FAE4CB001F97}.Debug|Any CPU.ActiveCfg = Debug|Any CPU
		{654B85EA-0ADD-42AD-AA0A-FAE4CB001F97}.Debug|Any CPU.Build.0 = Debug|Any CPU
		{654B85EA-0ADD-42AD-AA0A-FAE4CB001F97}.Release|Any CPU.ActiveCfg = Release|Any CPU
		{654B85EA-0ADD-42AD-AA0A-FAE4CB001F97}.Release|Any CPU.Build.0 = Release|Any CPU
	EndGlobalSection
	GlobalSection(SolutionProperties) = preSolution
		HideSolutionNode = FALSE
	EndGlobalSection
	GlobalSection(ExtensibilityGlobals) = postSolution
		SolutionGuid = {BB705449-FF07-4F14-B579-22EFBDFDE20B}
	EndGlobalSection
EndGlobal
